
Microsoft Visual Studio Solution File, Format Version 12.00
# Visual Studio Version 16
VisualStudioVersion = 16.0.31729.503
MinimumVisualStudioVersion = 10.0.40219.1
Project("{FAE04EC0-301F-11D3-BF4B-00C04F79EFBC}") = "DSCC_CW1_API_8466", "DSCC_CW1_API_8466\DSCC_CW1_API_8466.csproj", "{353602E5-17B4-414E-B7F5-484BD3BB8087}"
EndProject
Global
	GlobalSection(SolutionConfigurationPlatforms) = preSolution
		Debug|Any CPU = Debug|Any CPU
		Release|Any CPU = Release|Any CPU
	EndGlobalSection
	GlobalSection(ProjectConfigurationPlatforms) = postSolution
		{353602E5-17B4-414E-B7F5-484BD3BB8087}.Debug|Any CPU.ActiveCfg = Debug|Any CPU
		{353602E5-17B4-414E-B7F5-484BD3BB8087}.Debug|Any CPU.Build.0 = Debug|Any CPU
		{353602E5-17B4-414E-B7F5-484BD3BB8087}.Release|Any CPU.ActiveCfg = Release|Any CPU
		{353602E5-17B4-414E-B7F5-484BD3BB8087}.Release|Any CPU.Build.0 = Release|Any CPU
	EndGlobalSection
	GlobalSection(SolutionProperties) = preSolution
		HideSolutionNode = FALSE
	EndGlobalSection
	GlobalSection(ExtensibilityGlobals) = postSolution
		SolutionGuid = {382FCBC7-E1AC-4B6D-B448-C9CFBA7A9BB2}
	EndGlobalSection
EndGlobal
